
Microsoft Visual Studio Solution File, Format Version 12.00
Project("{FAE04EC0-301F-11D3-BF4B-00C04F79EFBC}") = "Wykopowo", "Wykopowo\Wykopowo.csproj", "{E0FEABC5-62D0-44DD-BE1F-7E97FD32372C}"
EndProject
Project("{FAE04EC0-301F-11D3-BF4B-00C04F79EFBC}") = "Wykopowo.Contracts", "Wykopowo.Contracts\Wykopowo.Contracts.csproj", "{85107183-DEC0-4ABD-A668-801D54DEA303}"
EndProject
Project("{FAE04EC0-301F-11D3-BF4B-00C04F79EFBC}") = "Wykopowo.Implementations", "Wykopowo.Implementations\Wykopowo.Implementations.csproj", "{4A53383B-48D4-4AD9-9F86-2D334BEB99C6}"
EndProject
Project("{FAE04EC0-301F-11D3-BF4B-00C04F79EFBC}") = "Wykopowo.Implementations.Tests", "Wykopowo.Implementations.Tests\Wykopowo.Implementations.Tests.csproj", "{D1988B53-6AF2-441D-A5B7-A3368430FCC7}"
EndProject
Global
	GlobalSection(SolutionConfigurationPlatforms) = preSolution
		Debug|Any CPU = Debug|Any CPU
		Release|Any CPU = Release|Any CPU
	EndGlobalSection
	GlobalSection(ProjectConfigurationPlatforms) = postSolution
		{E0FEABC5-62D0-44DD-BE1F-7E97FD32372C}.Debug|Any CPU.ActiveCfg = Debug|Any CPU
		{E0FEABC5-62D0-44DD-BE1F-7E97FD32372C}.Debug|Any CPU.Build.0 = Debug|Any CPU
		{E0FEABC5-62D0-44DD-BE1F-7E97FD32372C}.Release|Any CPU.ActiveCfg = Release|Any CPU
		{E0FEABC5-62D0-44DD-BE1F-7E97FD32372C}.Release|Any CPU.Build.0 = Release|Any CPU
		{85107183-DEC0-4ABD-A668-801D54DEA303}.Debug|Any CPU.ActiveCfg = Debug|Any CPU
		{85107183-DEC0-4ABD-A668-801D54DEA303}.Debug|Any CPU.Build.0 = Debug|Any CPU
		{85107183-DEC0-4ABD-A668-801D54DEA303}.Release|Any CPU.ActiveCfg = Release|Any CPU
		{85107183-DEC0-4ABD-A668-801D54DEA303}.Release|Any CPU.Build.0 = Release|Any CPU
		{4A53383B-48D4-4AD9-9F86-2D334BEB99C6}.Debug|Any CPU.ActiveCfg = Debug|Any CPU
		{4A53383B-48D4-4AD9-9F86-2D334BEB99C6}.Debug|Any CPU.Build.0 = Debug|Any CPU
		{4A53383B-48D4-4AD9-9F86-2D334BEB99C6}.Release|Any CPU.ActiveCfg = Release|Any CPU
		{4A53383B-48D4-4AD9-9F86-2D334BEB99C6}.Release|Any CPU.Build.0 = Release|Any CPU
		{D1988B53-6AF2-441D-A5B7-A3368430FCC7}.Debug|Any CPU.ActiveCfg = Debug|Any CPU
		{D1988B53-6AF2-441D-A5B7-A3368430FCC7}.Debug|Any CPU.Build.0 = Debug|Any CPU
		{D1988B53-6AF2-441D-A5B7-A3368430FCC7}.Release|Any CPU.ActiveCfg = Release|Any CPU
		{D1988B53-6AF2-441D-A5B7-A3368430FCC7}.Release|Any CPU.Build.0 = Release|Any CPU
	EndGlobalSection
EndGlobal
